{
  "name": "3d-interface",
  "version": "2.0.0",
  "dependencies": {
    "async": {
      "version": "1.4.2",
      "from": "async@1.4.2",
      "resolved": "https://registry.npmjs.org/async/-/async-1.4.2.tgz"
    },
    "body-parser": {
      "version": "1.12.4",
      "from": "https://registry.npmjs.org/body-parser/-/body-parser-1.12.4.tgz",
      "resolved": "https://registry.npmjs.org/body-parser/-/body-parser-1.12.4.tgz",
      "dependencies": {
        "bytes": {
          "version": "1.0.0",
          "from": "https://registry.npmjs.org/bytes/-/bytes-1.0.0.tgz",
          "resolved": "https://registry.npmjs.org/bytes/-/bytes-1.0.0.tgz"
        },
        "content-type": {
          "version": "1.0.1",
          "from": "https://registry.npmjs.org/content-type/-/content-type-1.0.1.tgz",
          "resolved": "https://registry.npmjs.org/content-type/-/content-type-1.0.1.tgz"
        },
        "debug": {
          "version": "2.2.0",
          "from": "https://registry.npmjs.org/debug/-/debug-2.2.0.tgz",
          "resolved": "https://registry.npmjs.org/debug/-/debug-2.2.0.tgz",
          "dependencies": {
            "ms": {
              "version": "0.7.1",
              "from": "https://registry.npmjs.org/ms/-/ms-0.7.1.tgz",
              "resolved": "https://registry.npmjs.org/ms/-/ms-0.7.1.tgz"
            }
          }
        },
        "depd": {
          "version": "1.0.1",
          "from": "https://registry.npmjs.org/depd/-/depd-1.0.1.tgz",
          "resolved": "https://registry.npmjs.org/depd/-/depd-1.0.1.tgz"
        },
        "iconv-lite": {
          "version": "0.4.8",
          "from": "https://registry.npmjs.org/iconv-lite/-/iconv-lite-0.4.8.tgz",
          "resolved": "https://registry.npmjs.org/iconv-lite/-/iconv-lite-0.4.8.tgz"
        },
        "on-finished": {
          "version": "2.2.1",
          "from": "https://registry.npmjs.org/on-finished/-/on-finished-2.2.1.tgz",
          "resolved": "https://registry.npmjs.org/on-finished/-/on-finished-2.2.1.tgz",
          "dependencies": {
            "ee-first": {
              "version": "1.1.0",
              "from": "https://registry.npmjs.org/ee-first/-/ee-first-1.1.0.tgz",
              "resolved": "https://registry.npmjs.org/ee-first/-/ee-first-1.1.0.tgz"
            }
          }
        },
        "qs": {
          "version": "2.4.2",
          "from": "https://registry.npmjs.org/qs/-/qs-2.4.2.tgz",
          "resolved": "https://registry.npmjs.org/qs/-/qs-2.4.2.tgz"
        },
        "raw-body": {
          "version": "2.0.2",
          "from": "https://registry.npmjs.org/raw-body/-/raw-body-2.0.2.tgz",
          "resolved": "https://registry.npmjs.org/raw-body/-/raw-body-2.0.2.tgz",
          "dependencies": {
            "bytes": {
              "version": "2.1.0",
              "from": "https://registry.npmjs.org/bytes/-/bytes-2.1.0.tgz",
              "resolved": "https://registry.npmjs.org/bytes/-/bytes-2.1.0.tgz"
            }
          }
        },
        "type-is": {
          "version": "1.6.5",
          "from": "https://registry.npmjs.org/type-is/-/type-is-1.6.5.tgz",
          "resolved": "https://registry.npmjs.org/type-is/-/type-is-1.6.5.tgz",
          "dependencies": {
            "media-typer": {
              "version": "0.3.0",
              "from": "https://registry.npmjs.org/media-typer/-/media-typer-0.3.0.tgz",
              "resolved": "https://registry.npmjs.org/media-typer/-/media-typer-0.3.0.tgz"
            },
            "mime-types": {
              "version": "2.1.3",
              "from": "https://registry.npmjs.org/mime-types/-/mime-types-2.1.3.tgz",
              "resolved": "https://registry.npmjs.org/mime-types/-/mime-types-2.1.3.tgz",
              "dependencies": {
                "mime-db": {
                  "version": "1.15.0",
                  "from": "https://registry.npmjs.org/mime-db/-/mime-db-1.15.0.tgz",
                  "resolved": "https://registry.npmjs.org/mime-db/-/mime-db-1.15.0.tgz"
                }
              }
            }
          }
        }
      }
    },
    "convert-hex": {
      "version": "0.1.0",
      "from": "convert-hex@>=0.1.0 <0.2.0",
      "resolved": "https://registry.npmjs.org/convert-hex/-/convert-hex-0.1.0.tgz"
    },
    "convert-string": {
      "version": "0.1.0",
      "from": "convert-string@>=0.1.0 <0.2.0",
      "resolved": "https://registry.npmjs.org/convert-string/-/convert-string-0.1.0.tgz"
    },
    "cookie-parser": {
      "version": "1.3.4",
      "from": "https://registry.npmjs.org/cookie-parser/-/cookie-parser-1.3.4.tgz",
      "resolved": "https://registry.npmjs.org/cookie-parser/-/cookie-parser-1.3.4.tgz",
      "dependencies": {
        "cookie": {
          "version": "0.1.2",
          "from": "https://registry.npmjs.org/cookie/-/cookie-0.1.2.tgz",
          "resolved": "https://registry.npmjs.org/cookie/-/cookie-0.1.2.tgz"
        },
        "cookie-signature": {
          "version": "1.0.6",
          "from": "https://registry.npmjs.org/cookie-signature/-/cookie-signature-1.0.6.tgz",
          "resolved": "https://registry.npmjs.org/cookie-signature/-/cookie-signature-1.0.6.tgz"
        }
      }
    },
    "cookie-session": {
      "version": "1.1.0",
      "from": "https://registry.npmjs.org/cookie-session/-/cookie-session-1.1.0.tgz",
      "resolved": "https://registry.npmjs.org/cookie-session/-/cookie-session-1.1.0.tgz",
      "dependencies": {
        "cookies": {
          "version": "0.5.0",
          "from": "https://registry.npmjs.org/cookies/-/cookies-0.5.0.tgz",
          "resolved": "https://registry.npmjs.org/cookies/-/cookies-0.5.0.tgz",
          "dependencies": {
            "keygrip": {
              "version": "1.0.1",
              "from": "https://registry.npmjs.org/keygrip/-/keygrip-1.0.1.tgz",
              "resolved": "https://registry.npmjs.org/keygrip/-/keygrip-1.0.1.tgz"
            }
          }
        },
        "debug": {
          "version": "2.1.3",
          "from": "https://registry.npmjs.org/debug/-/debug-2.1.3.tgz",
          "resolved": "https://registry.npmjs.org/debug/-/debug-2.1.3.tgz",
          "dependencies": {
            "ms": {
              "version": "0.7.0",
              "from": "https://registry.npmjs.org/ms/-/ms-0.7.0.tgz",
              "resolved": "https://registry.npmjs.org/ms/-/ms-0.7.0.tgz"
            }
          }
        },
        "on-headers": {
          "version": "1.0.0",
          "from": "https://registry.npmjs.org/on-headers/-/on-headers-1.0.0.tgz",
          "resolved": "https://registry.npmjs.org/on-headers/-/on-headers-1.0.0.tgz"
        }
      }
    },
    "emailjs": {
      "version": "0.3.16",
      "from": "https://registry.npmjs.org/emailjs/-/emailjs-0.3.16.tgz",
      "resolved": "https://registry.npmjs.org/emailjs/-/emailjs-0.3.16.tgz",
      "dependencies": {
        "addressparser": {
          "version": "0.3.2",
          "from": "https://registry.npmjs.org/addressparser/-/addressparser-0.3.2.tgz",
          "resolved": "https://registry.npmjs.org/addressparser/-/addressparser-0.3.2.tgz"
        },
        "bufferjs": {
          "version": "1.1.0",
          "from": "https://registry.npmjs.org/bufferjs/-/bufferjs-1.1.0.tgz",
          "resolved": "https://registry.npmjs.org/bufferjs/-/bufferjs-1.1.0.tgz"
        },
        "mimelib": {
          "version": "0.2.14",
          "from": "https://registry.npmjs.org/mimelib/-/mimelib-0.2.14.tgz",
          "resolved": "https://registry.npmjs.org/mimelib/-/mimelib-0.2.14.tgz",
          "dependencies": {
            "addressparser": {
              "version": "0.2.1",
              "from": "https://registry.npmjs.org/addressparser/-/addressparser-0.2.1.tgz",
              "resolved": "https://registry.npmjs.org/addressparser/-/addressparser-0.2.1.tgz"
            },
            "encoding": {
              "version": "0.1.11",
              "from": "https://registry.npmjs.org/encoding/-/encoding-0.1.11.tgz",
              "resolved": "https://registry.npmjs.org/encoding/-/encoding-0.1.11.tgz",
              "dependencies": {
                "iconv-lite": {
                  "version": "0.4.11",
                  "from": "https://registry.npmjs.org/iconv-lite/-/iconv-lite-0.4.11.tgz",
                  "resolved": "https://registry.npmjs.org/iconv-lite/-/iconv-lite-0.4.11.tgz"
                }
              }
            }
          }
        },
        "moment": {
          "version": "1.7.0",
          "from": "https://registry.npmjs.org/moment/-/moment-1.7.0.tgz",
          "resolved": "https://registry.npmjs.org/moment/-/moment-1.7.0.tgz"
        },
        "starttls": {
          "version": "0.2.1",
          "from": "https://registry.npmjs.org/starttls/-/starttls-0.2.1.tgz",
          "resolved": "https://registry.npmjs.org/starttls/-/starttls-0.2.1.tgz"
        }
      }
    },
    "express": {
      "version": "4.0.0",
      "from": "https://registry.npmjs.org/express/-/express-4.0.0.tgz",
      "resolved": "https://registry.npmjs.org/express/-/express-4.0.0.tgz",
      "dependencies": {
        "accepts": {
          "version": "1.0.0",
          "from": "https://registry.npmjs.org/accepts/-/accepts-1.0.0.tgz",
          "resolved": "https://registry.npmjs.org/accepts/-/accepts-1.0.0.tgz",
          "dependencies": {
            "mime": {
              "version": "1.2.11",
              "from": "https://registry.npmjs.org/mime/-/mime-1.2.11.tgz",
              "resolved": "https://registry.npmjs.org/mime/-/mime-1.2.11.tgz"
            },
            "negotiator": {
              "version": "0.3.0",
              "from": "https://registry.npmjs.org/negotiator/-/negotiator-0.3.0.tgz",
              "resolved": "https://registry.npmjs.org/negotiator/-/negotiator-0.3.0.tgz"
            }
          }
        },
        "buffer-crc32": {
          "version": "0.2.1",
          "from": "https://registry.npmjs.org/buffer-crc32/-/buffer-crc32-0.2.1.tgz",
          "resolved": "https://registry.npmjs.org/buffer-crc32/-/buffer-crc32-0.2.1.tgz"
        },
        "cookie": {
          "version": "0.1.0",
          "from": "https://registry.npmjs.org/cookie/-/cookie-0.1.0.tgz",
          "resolved": "https://registry.npmjs.org/cookie/-/cookie-0.1.0.tgz"
        },
        "cookie-signature": {
          "version": "1.0.3",
          "from": "https://registry.npmjs.org/cookie-signature/-/cookie-signature-1.0.3.tgz",
          "resolved": "https://registry.npmjs.org/cookie-signature/-/cookie-signature-1.0.3.tgz"
        },
        "debug": {
          "version": "0.8.1",
          "from": "https://registry.npmjs.org/debug/-/debug-0.8.1.tgz",
          "resolved": "https://registry.npmjs.org/debug/-/debug-0.8.1.tgz"
        },
        "escape-html": {
          "version": "1.0.1",
          "from": "https://registry.npmjs.org/escape-html/-/escape-html-1.0.1.tgz",
          "resolved": "https://registry.npmjs.org/escape-html/-/escape-html-1.0.1.tgz"
        },
        "fresh": {
          "version": "0.2.2",
          "from": "https://registry.npmjs.org/fresh/-/fresh-0.2.2.tgz",
          "resolved": "https://registry.npmjs.org/fresh/-/fresh-0.2.2.tgz"
        },
        "merge-descriptors": {
          "version": "0.0.2",
          "from": "https://registry.npmjs.org/merge-descriptors/-/merge-descriptors-0.0.2.tgz",
          "resolved": "https://registry.npmjs.org/merge-descriptors/-/merge-descriptors-0.0.2.tgz"
        },
        "methods": {
          "version": "0.1.0",
          "from": "https://registry.npmjs.org/methods/-/methods-0.1.0.tgz",
          "resolved": "https://registry.npmjs.org/methods/-/methods-0.1.0.tgz"
        },
        "parseurl": {
          "version": "1.0.1",
          "from": "https://registry.npmjs.org/parseurl/-/parseurl-1.0.1.tgz",
          "resolved": "https://registry.npmjs.org/parseurl/-/parseurl-1.0.1.tgz"
        },
        "path-to-regexp": {
          "version": "0.1.2",
          "from": "https://registry.npmjs.org/path-to-regexp/-/path-to-regexp-0.1.2.tgz",
          "resolved": "https://registry.npmjs.org/path-to-regexp/-/path-to-regexp-0.1.2.tgz"
        },
        "qs": {
          "version": "0.6.6",
          "from": "https://registry.npmjs.org/qs/-/qs-0.6.6.tgz",
          "resolved": "https://registry.npmjs.org/qs/-/qs-0.6.6.tgz"
        },
        "range-parser": {
          "version": "1.0.0",
          "from": "https://registry.npmjs.org/range-parser/-/range-parser-1.0.0.tgz",
          "resolved": "https://registry.npmjs.org/range-parser/-/range-parser-1.0.0.tgz"
        },
        "send": {
          "version": "0.2.0",
          "from": "https://registry.npmjs.org/send/-/send-0.2.0.tgz",
          "resolved": "https://registry.npmjs.org/send/-/send-0.2.0.tgz",
          "dependencies": {
            "mime": {
              "version": "1.2.11",
              "from": "https://registry.npmjs.org/mime/-/mime-1.2.11.tgz",
              "resolved": "https://registry.npmjs.org/mime/-/mime-1.2.11.tgz"
            }
          }
        },
        "serve-static": {
          "version": "1.0.1",
          "from": "https://registry.npmjs.org/serve-static/-/serve-static-1.0.1.tgz",
          "resolved": "https://registry.npmjs.org/serve-static/-/serve-static-1.0.1.tgz",
          "dependencies": {
            "send": {
              "version": "0.1.4",
              "from": "https://registry.npmjs.org/send/-/send-0.1.4.tgz",
              "resolved": "https://registry.npmjs.org/send/-/send-0.1.4.tgz",
              "dependencies": {
                "fresh": {
                  "version": "0.2.0",
                  "from": "https://registry.npmjs.org/fresh/-/fresh-0.2.0.tgz",
                  "resolved": "https://registry.npmjs.org/fresh/-/fresh-0.2.0.tgz"
                },
                "mime": {
                  "version": "1.2.11",
                  "from": "https://registry.npmjs.org/mime/-/mime-1.2.11.tgz",
                  "resolved": "https://registry.npmjs.org/mime/-/mime-1.2.11.tgz"
                },
                "range-parser": {
                  "version": "0.0.4",
                  "from": "https://registry.npmjs.org/range-parser/-/range-parser-0.0.4.tgz",
                  "resolved": "https://registry.npmjs.org/range-parser/-/range-parser-0.0.4.tgz"
                }
              }
            }
          }
        },
        "type-is": {
          "version": "1.0.0",
          "from": "https://registry.npmjs.org/type-is/-/type-is-1.0.0.tgz",
          "resolved": "https://registry.npmjs.org/type-is/-/type-is-1.0.0.tgz",
          "dependencies": {
            "mime": {
              "version": "1.2.11",
              "from": "https://registry.npmjs.org/mime/-/mime-1.2.11.tgz",
              "resolved": "https://registry.npmjs.org/mime/-/mime-1.2.11.tgz"
            }
          }
        },
        "utils-merge": {
          "version": "1.0.0",
          "from": "https://registry.npmjs.org/utils-merge/-/utils-merge-1.0.0.tgz",
          "resolved": "https://registry.npmjs.org/utils-merge/-/utils-merge-1.0.0.tgz"
        }
      }
    },
    "jade": {
      "version": "1.9.2",
      "from": "https://registry.npmjs.org/jade/-/jade-1.9.2.tgz",
      "resolved": "https://registry.npmjs.org/jade/-/jade-1.9.2.tgz",
      "dependencies": {
        "character-parser": {
          "version": "1.2.1",
          "from": "https://registry.npmjs.org/character-parser/-/character-parser-1.2.1.tgz",
          "resolved": "https://registry.npmjs.org/character-parser/-/character-parser-1.2.1.tgz"
        },
        "commander": {
          "version": "2.6.0",
          "from": "https://registry.npmjs.org/commander/-/commander-2.6.0.tgz",
          "resolved": "https://registry.npmjs.org/commander/-/commander-2.6.0.tgz"
        },
        "constantinople": {
          "version": "3.0.1",
          "from": "https://registry.npmjs.org/constantinople/-/constantinople-3.0.1.tgz",
          "resolved": "https://registry.npmjs.org/constantinople/-/constantinople-3.0.1.tgz",
          "dependencies": {
            "acorn-globals": {
              "version": "1.0.4",
              "from": "https://registry.npmjs.org/acorn-globals/-/acorn-globals-1.0.4.tgz",
              "resolved": "https://registry.npmjs.org/acorn-globals/-/acorn-globals-1.0.4.tgz",
              "dependencies": {
                "acorn": {
                  "version": "1.2.2",
                  "from": "https://registry.npmjs.org/acorn/-/acorn-1.2.2.tgz",
                  "resolved": "https://registry.npmjs.org/acorn/-/acorn-1.2.2.tgz"
                }
              }
            }
          }
        },
        "mkdirp": {
          "version": "0.5.1",
          "from": "https://registry.npmjs.org/mkdirp/-/mkdirp-0.5.1.tgz",
          "resolved": "https://registry.npmjs.org/mkdirp/-/mkdirp-0.5.1.tgz",
          "dependencies": {
            "minimist": {
              "version": "0.0.8",
              "from": "https://registry.npmjs.org/minimist/-/minimist-0.0.8.tgz",
              "resolved": "https://registry.npmjs.org/minimist/-/minimist-0.0.8.tgz"
            }
          }
        },
        "transformers": {
          "version": "2.1.0",
          "from": "https://registry.npmjs.org/transformers/-/transformers-2.1.0.tgz",
          "resolved": "https://registry.npmjs.org/transformers/-/transformers-2.1.0.tgz",
          "dependencies": {
            "css": {
              "version": "1.0.8",
              "from": "https://registry.npmjs.org/css/-/css-1.0.8.tgz",
              "resolved": "https://registry.npmjs.org/css/-/css-1.0.8.tgz",
              "dependencies": {
                "css-parse": {
                  "version": "1.0.4",
                  "from": "https://registry.npmjs.org/css-parse/-/css-parse-1.0.4.tgz",
                  "resolved": "https://registry.npmjs.org/css-parse/-/css-parse-1.0.4.tgz"
                },
                "css-stringify": {
                  "version": "1.0.5",
                  "from": "https://registry.npmjs.org/css-stringify/-/css-stringify-1.0.5.tgz",
                  "resolved": "https://registry.npmjs.org/css-stringify/-/css-stringify-1.0.5.tgz"
                }
              }
            },
            "promise": {
              "version": "2.0.0",
              "from": "https://registry.npmjs.org/promise/-/promise-2.0.0.tgz",
              "resolved": "https://registry.npmjs.org/promise/-/promise-2.0.0.tgz",
              "dependencies": {
                "is-promise": {
                  "version": "1.0.1",
                  "from": "https://registry.npmjs.org/is-promise/-/is-promise-1.0.1.tgz",
                  "resolved": "https://registry.npmjs.org/is-promise/-/is-promise-1.0.1.tgz"
                }
              }
            },
            "uglify-js": {
              "version": "2.2.5",
              "from": "https://registry.npmjs.org/uglify-js/-/uglify-js-2.2.5.tgz",
              "resolved": "https://registry.npmjs.org/uglify-js/-/uglify-js-2.2.5.tgz",
              "dependencies": {
                "optimist": {
                  "version": "0.3.7",
                  "from": "https://registry.npmjs.org/optimist/-/optimist-0.3.7.tgz",
                  "resolved": "https://registry.npmjs.org/optimist/-/optimist-0.3.7.tgz",
                  "dependencies": {
                    "wordwrap": {
                      "version": "0.0.3",
                      "from": "https://registry.npmjs.org/wordwrap/-/wordwrap-0.0.3.tgz",
                      "resolved": "https://registry.npmjs.org/wordwrap/-/wordwrap-0.0.3.tgz"
                    }
                  }
                },
                "source-map": {
                  "version": "0.1.43",
                  "from": "https://registry.npmjs.org/source-map/-/source-map-0.1.43.tgz",
                  "resolved": "https://registry.npmjs.org/source-map/-/source-map-0.1.43.tgz",
                  "dependencies": {
                    "amdefine": {
                      "version": "1.0.0",
                      "from": "https://registry.npmjs.org/amdefine/-/amdefine-1.0.0.tgz",
                      "resolved": "https://registry.npmjs.org/amdefine/-/amdefine-1.0.0.tgz"
                    }
                  }
                }
              }
            }
          }
        },
        "void-elements": {
          "version": "2.0.1",
          "from": "https://registry.npmjs.org/void-elements/-/void-elements-2.0.1.tgz",
          "resolved": "https://registry.npmjs.org/void-elements/-/void-elements-2.0.1.tgz"
        },
        "with": {
          "version": "4.0.3",
          "from": "https://registry.npmjs.org/with/-/with-4.0.3.tgz",
          "resolved": "https://registry.npmjs.org/with/-/with-4.0.3.tgz",
          "dependencies": {
            "acorn": {
              "version": "1.2.2",
              "from": "https://registry.npmjs.org/acorn/-/acorn-1.2.2.tgz",
              "resolved": "https://registry.npmjs.org/acorn/-/acorn-1.2.2.tgz"
            },
            "acorn-globals": {
              "version": "1.0.4",
              "from": "https://registry.npmjs.org/acorn-globals/-/acorn-globals-1.0.4.tgz",
              "resolved": "https://registry.npmjs.org/acorn-globals/-/acorn-globals-1.0.4.tgz"
            }
          }
        }
      }
    },
    "pg": {
      "version": "4.3.0",
      "from": "https://registry.npmjs.org/pg/-/pg-4.3.0.tgz",
      "resolved": "https://registry.npmjs.org/pg/-/pg-4.3.0.tgz",
      "dependencies": {
        "buffer-writer": {
          "version": "1.0.0",
          "from": "https://registry.npmjs.org/buffer-writer/-/buffer-writer-1.0.0.tgz",
          "resolved": "https://registry.npmjs.org/buffer-writer/-/buffer-writer-1.0.0.tgz"
        },
        "generic-pool": {
          "version": "2.1.1",
          "from": "https://registry.npmjs.org/generic-pool/-/generic-pool-2.1.1.tgz",
          "resolved": "https://registry.npmjs.org/generic-pool/-/generic-pool-2.1.1.tgz"
        },
        "packet-reader": {
          "version": "0.2.0",
          "from": "https://registry.npmjs.org/packet-reader/-/packet-reader-0.2.0.tgz",
          "resolved": "https://registry.npmjs.org/packet-reader/-/packet-reader-0.2.0.tgz"
        },
        "pg-connection-string": {
          "version": "0.1.3",
          "from": "https://registry.npmjs.org/pg-connection-string/-/pg-connection-string-0.1.3.tgz",
          "resolved": "https://registry.npmjs.org/pg-connection-string/-/pg-connection-string-0.1.3.tgz"
        },
        "pg-types": {
          "version": "1.7.0",
          "from": "https://registry.npmjs.org/pg-types/-/pg-types-1.7.0.tgz",
          "resolved": "https://registry.npmjs.org/pg-types/-/pg-types-1.7.0.tgz"
        },
        "pgpass": {
          "version": "0.0.3",
          "from": "https://registry.npmjs.org/pgpass/-/pgpass-0.0.3.tgz",
          "resolved": "https://registry.npmjs.org/pgpass/-/pgpass-0.0.3.tgz",
          "dependencies": {
            "split": {
              "version": "0.3.3",
              "from": "https://registry.npmjs.org/split/-/split-0.3.3.tgz",
              "resolved": "https://registry.npmjs.org/split/-/split-0.3.3.tgz",
              "dependencies": {
                "through": {
                  "version": "2.3.8",
                  "from": "https://registry.npmjs.org/through/-/through-2.3.8.tgz",
                  "resolved": "https://registry.npmjs.org/through/-/through-2.3.8.tgz"
                }
              }
            }
          }
        },
        "semver": {
          "version": "4.3.6",
          "from": "https://registry.npmjs.org/semver/-/semver-4.3.6.tgz",
          "resolved": "https://registry.npmjs.org/semver/-/semver-4.3.6.tgz"
        }
      }
    },
    "serve-favicon": {
      "version": "2.3.0",
      "from": "https://registry.npmjs.org/serve-favicon/-/serve-favicon-2.3.0.tgz",
      "resolved": "https://registry.npmjs.org/serve-favicon/-/serve-favicon-2.3.0.tgz",
      "dependencies": {
        "etag": {
          "version": "1.7.0",
          "from": "https://registry.npmjs.org/etag/-/etag-1.7.0.tgz",
          "resolved": "https://registry.npmjs.org/etag/-/etag-1.7.0.tgz"
        },
        "fresh": {
          "version": "0.3.0",
          "from": "https://registry.npmjs.org/fresh/-/fresh-0.3.0.tgz",
          "resolved": "https://registry.npmjs.org/fresh/-/fresh-0.3.0.tgz"
        },
        "ms": {
          "version": "0.7.1",
          "from": "https://registry.npmjs.org/ms/-/ms-0.7.1.tgz",
          "resolved": "https://registry.npmjs.org/ms/-/ms-0.7.1.tgz"
        },
        "parseurl": {
          "version": "1.3.0",
          "from": "https://registry.npmjs.org/parseurl/-/parseurl-1.3.0.tgz",
          "resolved": "https://registry.npmjs.org/parseurl/-/parseurl-1.3.0.tgz"
        }
      }
    },
    "sha256": {
      "version": "0.2.0",
      "from": "sha256@0.2.0",
      "resolved": "https://registry.npmjs.org/sha256/-/sha256-0.2.0.tgz"
    },
    "socket.io": {
      "version": "1.3.5",
      "from": "https://registry.npmjs.org/socket.io/-/socket.io-1.3.5.tgz",
      "resolved": "https://registry.npmjs.org/socket.io/-/socket.io-1.3.5.tgz",
      "dependencies": {
        "debug": {
          "version": "2.1.0",
          "from": "https://registry.npmjs.org/debug/-/debug-2.1.0.tgz",
          "resolved": "https://registry.npmjs.org/debug/-/debug-2.1.0.tgz",
          "dependencies": {
            "ms": {
              "version": "0.6.2",
              "from": "https://registry.npmjs.org/ms/-/ms-0.6.2.tgz",
              "resolved": "https://registry.npmjs.org/ms/-/ms-0.6.2.tgz"
            }
          }
        },
        "engine.io": {
          "version": "1.5.1",
          "from": "https://registry.npmjs.org/engine.io/-/engine.io-1.5.1.tgz",
          "resolved": "https://registry.npmjs.org/engine.io/-/engine.io-1.5.1.tgz",
          "dependencies": {
            "base64id": {
              "version": "0.1.0",
              "from": "https://registry.npmjs.org/base64id/-/base64id-0.1.0.tgz",
              "resolved": "https://registry.npmjs.org/base64id/-/base64id-0.1.0.tgz"
            },
            "debug": {
              "version": "1.0.3",
              "from": "https://registry.npmjs.org/debug/-/debug-1.0.3.tgz",
              "resolved": "https://registry.npmjs.org/debug/-/debug-1.0.3.tgz",
              "dependencies": {
                "ms": {
                  "version": "0.6.2",
                  "from": "https://registry.npmjs.org/ms/-/ms-0.6.2.tgz",
                  "resolved": "https://registry.npmjs.org/ms/-/ms-0.6.2.tgz"
                }
              }
            },
            "engine.io-parser": {
              "version": "1.2.1",
              "from": "https://registry.npmjs.org/engine.io-parser/-/engine.io-parser-1.2.1.tgz",
              "resolved": "https://registry.npmjs.org/engine.io-parser/-/engine.io-parser-1.2.1.tgz",
              "dependencies": {
                "after": {
                  "version": "0.8.1",
                  "from": "https://registry.npmjs.org/after/-/after-0.8.1.tgz",
                  "resolved": "https://registry.npmjs.org/after/-/after-0.8.1.tgz"
                },
                "arraybuffer.slice": {
                  "version": "0.0.6",
                  "from": "https://registry.npmjs.org/arraybuffer.slice/-/arraybuffer.slice-0.0.6.tgz",
                  "resolved": "https://registry.npmjs.org/arraybuffer.slice/-/arraybuffer.slice-0.0.6.tgz"
                },
                "base64-arraybuffer": {
                  "version": "0.1.2",
                  "from": "https://registry.npmjs.org/base64-arraybuffer/-/base64-arraybuffer-0.1.2.tgz",
                  "resolved": "https://registry.npmjs.org/base64-arraybuffer/-/base64-arraybuffer-0.1.2.tgz"
                },
                "blob": {
                  "version": "0.0.2",
                  "from": "https://registry.npmjs.org/blob/-/blob-0.0.2.tgz",
                  "resolved": "https://registry.npmjs.org/blob/-/blob-0.0.2.tgz"
                },
                "has-binary": {
                  "version": "0.1.5",
                  "from": "https://registry.npmjs.org/has-binary/-/has-binary-0.1.5.tgz",
                  "resolved": "https://registry.npmjs.org/has-binary/-/has-binary-0.1.5.tgz",
                  "dependencies": {
                    "isarray": {
                      "version": "0.0.1",
                      "from": "https://registry.npmjs.org/isarray/-/isarray-0.0.1.tgz",
                      "resolved": "https://registry.npmjs.org/isarray/-/isarray-0.0.1.tgz"
                    }
                  }
                },
                "utf8": {
                  "version": "2.0.0",
                  "from": "https://registry.npmjs.org/utf8/-/utf8-2.0.0.tgz",
                  "resolved": "https://registry.npmjs.org/utf8/-/utf8-2.0.0.tgz"
                }
              }
            },
            "ws": {
              "version": "0.5.0",
              "from": "ws@0.5.0",
              "resolved": "https://registry.npmjs.org/ws/-/ws-0.5.0.tgz",
              "dependencies": {
                "nan": {
                  "version": "1.4.3",
                  "from": "nan@>=1.4.0 <1.5.0",
                  "resolved": "https://registry.npmjs.org/nan/-/nan-1.4.3.tgz"
                },
                "options": {
                  "version": "0.0.6",
                  "from": "options@>=0.0.5",
                  "resolved": "https://registry.npmjs.org/options/-/options-0.0.6.tgz"
                },
                "ultron": {
                  "version": "1.0.2",
                  "from": "ultron@>=1.0.0 <1.1.0",
                  "resolved": "https://registry.npmjs.org/ultron/-/ultron-1.0.2.tgz"
                }
              }
            }
          }
        },
        "has-binary-data": {
          "version": "0.1.3",
          "from": "https://registry.npmjs.org/has-binary-data/-/has-binary-data-0.1.3.tgz",
          "resolved": "https://registry.npmjs.org/has-binary-data/-/has-binary-data-0.1.3.tgz",
          "dependencies": {
            "isarray": {
              "version": "0.0.1",
              "from": "https://registry.npmjs.org/isarray/-/isarray-0.0.1.tgz",
              "resolved": "https://registry.npmjs.org/isarray/-/isarray-0.0.1.tgz"
            }
          }
        },
        "socket.io-adapter": {
          "version": "0.3.1",
          "from": "https://registry.npmjs.org/socket.io-adapter/-/socket.io-adapter-0.3.1.tgz",
          "resolved": "https://registry.npmjs.org/socket.io-adapter/-/socket.io-adapter-0.3.1.tgz",
          "dependencies": {
            "debug": {
              "version": "1.0.2",
              "from": "https://registry.npmjs.org/debug/-/debug-1.0.2.tgz",
              "resolved": "https://registry.npmjs.org/debug/-/debug-1.0.2.tgz",
              "dependencies": {
                "ms": {
                  "version": "0.6.2",
                  "from": "https://registry.npmjs.org/ms/-/ms-0.6.2.tgz",
                  "resolved": "https://registry.npmjs.org/ms/-/ms-0.6.2.tgz"
                }
              }
            },
            "object-keys": {
              "version": "1.0.1",
              "from": "https://registry.npmjs.org/object-keys/-/object-keys-1.0.1.tgz",
              "resolved": "https://registry.npmjs.org/object-keys/-/object-keys-1.0.1.tgz"
            },
            "socket.io-parser": {
              "version": "2.2.2",
              "from": "https://registry.npmjs.org/socket.io-parser/-/socket.io-parser-2.2.2.tgz",
              "resolved": "https://registry.npmjs.org/socket.io-parser/-/socket.io-parser-2.2.2.tgz",
              "dependencies": {
                "benchmark": {
                  "version": "1.0.0",
                  "from": "https://registry.npmjs.org/benchmark/-/benchmark-1.0.0.tgz",
                  "resolved": "https://registry.npmjs.org/benchmark/-/benchmark-1.0.0.tgz"
                },
                "component-emitter": {
                  "version": "1.1.2",
                  "from": "https://registry.npmjs.org/component-emitter/-/component-emitter-1.1.2.tgz",
                  "resolved": "https://registry.npmjs.org/component-emitter/-/component-emitter-1.1.2.tgz"
                },
                "debug": {
                  "version": "0.7.4",
                  "from": "https://registry.npmjs.org/debug/-/debug-0.7.4.tgz",
                  "resolved": "https://registry.npmjs.org/debug/-/debug-0.7.4.tgz"
                },
                "isarray": {
                  "version": "0.0.1",
                  "from": "https://registry.npmjs.org/isarray/-/isarray-0.0.1.tgz",
                  "resolved": "https://registry.npmjs.org/isarray/-/isarray-0.0.1.tgz"
                },
                "json3": {
                  "version": "3.2.6",
                  "from": "https://registry.npmjs.org/json3/-/json3-3.2.6.tgz",
                  "resolved": "https://registry.npmjs.org/json3/-/json3-3.2.6.tgz"
                }
              }
            }
          }
        },
        "socket.io-client": {
          "version": "1.3.5",
          "from": "https://registry.npmjs.org/socket.io-client/-/socket.io-client-1.3.5.tgz",
          "resolved": "https://registry.npmjs.org/socket.io-client/-/socket.io-client-1.3.5.tgz",
          "dependencies": {
            "backo2": {
              "version": "1.0.2",
              "from": "https://registry.npmjs.org/backo2/-/backo2-1.0.2.tgz",
              "resolved": "https://registry.npmjs.org/backo2/-/backo2-1.0.2.tgz"
            },
            "component-bind": {
              "version": "1.0.0",
              "from": "https://registry.npmjs.org/component-bind/-/component-bind-1.0.0.tgz",
              "resolved": "https://registry.npmjs.org/component-bind/-/component-bind-1.0.0.tgz"
            },
            "component-emitter": {
              "version": "1.1.2",
              "from": "https://registry.npmjs.org/component-emitter/-/component-emitter-1.1.2.tgz",
              "resolved": "https://registry.npmjs.org/component-emitter/-/component-emitter-1.1.2.tgz"
            },
            "debug": {
              "version": "0.7.4",
              "from": "https://registry.npmjs.org/debug/-/debug-0.7.4.tgz",
              "resolved": "https://registry.npmjs.org/debug/-/debug-0.7.4.tgz"
            },
            "engine.io-client": {
              "version": "1.5.1",
              "from": "https://registry.npmjs.org/engine.io-client/-/engine.io-client-1.5.1.tgz",
              "resolved": "https://registry.npmjs.org/engine.io-client/-/engine.io-client-1.5.1.tgz",
              "dependencies": {
                "component-inherit": {
                  "version": "0.0.3",
                  "from": "https://registry.npmjs.org/component-inherit/-/component-inherit-0.0.3.tgz",
                  "resolved": "https://registry.npmjs.org/component-inherit/-/component-inherit-0.0.3.tgz"
                },
                "debug": {
                  "version": "1.0.4",
                  "from": "https://registry.npmjs.org/debug/-/debug-1.0.4.tgz",
                  "resolved": "https://registry.npmjs.org/debug/-/debug-1.0.4.tgz",
                  "dependencies": {
                    "ms": {
                      "version": "0.6.2",
                      "from": "https://registry.npmjs.org/ms/-/ms-0.6.2.tgz",
                      "resolved": "https://registry.npmjs.org/ms/-/ms-0.6.2.tgz"
                    }
                  }
                },
                "engine.io-parser": {
                  "version": "1.2.1",
                  "from": "https://registry.npmjs.org/engine.io-parser/-/engine.io-parser-1.2.1.tgz",
                  "resolved": "https://registry.npmjs.org/engine.io-parser/-/engine.io-parser-1.2.1.tgz",
                  "dependencies": {
                    "after": {
                      "version": "0.8.1",
                      "from": "https://registry.npmjs.org/after/-/after-0.8.1.tgz",
                      "resolved": "https://registry.npmjs.org/after/-/after-0.8.1.tgz"
                    },
                    "arraybuffer.slice": {
                      "version": "0.0.6",
                      "from": "https://registry.npmjs.org/arraybuffer.slice/-/arraybuffer.slice-0.0.6.tgz",
                      "resolved": "https://registry.npmjs.org/arraybuffer.slice/-/arraybuffer.slice-0.0.6.tgz"
                    },
                    "base64-arraybuffer": {
                      "version": "0.1.2",
                      "from": "https://registry.npmjs.org/base64-arraybuffer/-/base64-arraybuffer-0.1.2.tgz",
                      "resolved": "https://registry.npmjs.org/base64-arraybuffer/-/base64-arraybuffer-0.1.2.tgz"
                    },
                    "blob": {
                      "version": "0.0.2",
                      "from": "https://registry.npmjs.org/blob/-/blob-0.0.2.tgz",
                      "resolved": "https://registry.npmjs.org/blob/-/blob-0.0.2.tgz"
                    },
                    "has-binary": {
                      "version": "0.1.5",
                      "from": "https://registry.npmjs.org/has-binary/-/has-binary-0.1.5.tgz",
                      "resolved": "https://registry.npmjs.org/has-binary/-/has-binary-0.1.5.tgz",
                      "dependencies": {
                        "isarray": {
                          "version": "0.0.1",
                          "from": "https://registry.npmjs.org/isarray/-/isarray-0.0.1.tgz",
                          "resolved": "https://registry.npmjs.org/isarray/-/isarray-0.0.1.tgz"
                        }
                      }
                    },
                    "utf8": {
                      "version": "2.0.0",
                      "from": "https://registry.npmjs.org/utf8/-/utf8-2.0.0.tgz",
                      "resolved": "https://registry.npmjs.org/utf8/-/utf8-2.0.0.tgz"
                    }
                  }
                },
                "has-cors": {
                  "version": "1.0.3",
                  "from": "https://registry.npmjs.org/has-cors/-/has-cors-1.0.3.tgz",
                  "resolved": "https://registry.npmjs.org/has-cors/-/has-cors-1.0.3.tgz",
                  "dependencies": {
                    "global": {
                      "version": "2.0.1",
                      "from": "https://github.com/component/global/archive/v2.0.1.tar.gz",
                      "resolved": "https://github.com/component/global/archive/v2.0.1.tar.gz"
                    }
                  }
                },
                "parsejson": {
                  "version": "0.0.1",
                  "from": "https://registry.npmjs.org/parsejson/-/parsejson-0.0.1.tgz",
                  "resolved": "https://registry.npmjs.org/parsejson/-/parsejson-0.0.1.tgz",
                  "dependencies": {
                    "better-assert": {
                      "version": "1.0.2",
                      "from": "https://registry.npmjs.org/better-assert/-/better-assert-1.0.2.tgz",
                      "resolved": "https://registry.npmjs.org/better-assert/-/better-assert-1.0.2.tgz",
                      "dependencies": {
                        "callsite": {
                          "version": "1.0.0",
                          "from": "https://registry.npmjs.org/callsite/-/callsite-1.0.0.tgz",
                          "resolved": "https://registry.npmjs.org/callsite/-/callsite-1.0.0.tgz"
                        }
                      }
                    }
                  }
                },
                "parseqs": {
                  "version": "0.0.2",
                  "from": "https://registry.npmjs.org/parseqs/-/parseqs-0.0.2.tgz",
                  "resolved": "https://registry.npmjs.org/parseqs/-/parseqs-0.0.2.tgz",
                  "dependencies": {
                    "better-assert": {
                      "version": "1.0.2",
                      "from": "https://registry.npmjs.org/better-assert/-/better-assert-1.0.2.tgz",
                      "resolved": "https://registry.npmjs.org/better-assert/-/better-assert-1.0.2.tgz",
                      "dependencies": {
                        "callsite": {
                          "version": "1.0.0",
                          "from": "https://registry.npmjs.org/callsite/-/callsite-1.0.0.tgz",
                          "resolved": "https://registry.npmjs.org/callsite/-/callsite-1.0.0.tgz"
                        }
                      }
                    }
                  }
                },
                "parseuri": {
                  "version": "0.0.4",
                  "from": "https://registry.npmjs.org/parseuri/-/parseuri-0.0.4.tgz",
                  "resolved": "https://registry.npmjs.org/parseuri/-/parseuri-0.0.4.tgz",
                  "dependencies": {
                    "better-assert": {
                      "version": "1.0.2",
                      "from": "https://registry.npmjs.org/better-assert/-/better-assert-1.0.2.tgz",
                      "resolved": "https://registry.npmjs.org/better-assert/-/better-assert-1.0.2.tgz",
                      "dependencies": {
                        "callsite": {
                          "version": "1.0.0",
                          "from": "https://registry.npmjs.org/callsite/-/callsite-1.0.0.tgz",
                          "resolved": "https://registry.npmjs.org/callsite/-/callsite-1.0.0.tgz"
                        }
                      }
                    }
                  }
                },
                "ws": {
                  "version": "0.4.31",
                  "from": "https://registry.npmjs.org/ws/-/ws-0.4.31.tgz",
                  "resolved": "https://registry.npmjs.org/ws/-/ws-0.4.31.tgz",
                  "dependencies": {
                    "commander": {
                      "version": "0.6.1",
                      "from": "https://registry.npmjs.org/commander/-/commander-0.6.1.tgz",
                      "resolved": "https://registry.npmjs.org/commander/-/commander-0.6.1.tgz"
                    },
                    "nan": {
                      "version": "0.3.2",
                      "from": "https://registry.npmjs.org/nan/-/nan-0.3.2.tgz",
                      "resolved": "https://registry.npmjs.org/nan/-/nan-0.3.2.tgz"
                    },
                    "options": {
                      "version": "0.0.6",
                      "from": "https://registry.npmjs.org/options/-/options-0.0.6.tgz",
                      "resolved": "https://registry.npmjs.org/options/-/options-0.0.6.tgz"
                    },
                    "tinycolor": {
                      "version": "0.0.1",
                      "from": "https://registry.npmjs.org/tinycolor/-/tinycolor-0.0.1.tgz",
                      "resolved": "https://registry.npmjs.org/tinycolor/-/tinycolor-0.0.1.tgz"
                    }
                  }
                },
                "xmlhttprequest": {
                  "version": "1.5.0",
                  "from": "https://github.com/rase-/node-XMLHttpRequest/archive/a6b6f2.tar.gz",
                  "resolved": "https://github.com/rase-/node-XMLHttpRequest/archive/a6b6f2.tar.gz"
                }
              }
            },
            "has-binary": {
              "version": "0.1.6",
              "from": "https://registry.npmjs.org/has-binary/-/has-binary-0.1.6.tgz",
              "resolved": "https://registry.npmjs.org/has-binary/-/has-binary-0.1.6.tgz",
              "dependencies": {
                "isarray": {
                  "version": "0.0.1",
                  "from": "https://registry.npmjs.org/isarray/-/isarray-0.0.1.tgz",
                  "resolved": "https://registry.npmjs.org/isarray/-/isarray-0.0.1.tgz"
                }
              }
            },
            "indexof": {
              "version": "0.0.1",
              "from": "https://registry.npmjs.org/indexof/-/indexof-0.0.1.tgz",
              "resolved": "https://registry.npmjs.org/indexof/-/indexof-0.0.1.tgz"
            },
            "object-component": {
              "version": "0.0.3",
              "from": "https://registry.npmjs.org/object-component/-/object-component-0.0.3.tgz",
              "resolved": "https://registry.npmjs.org/object-component/-/object-component-0.0.3.tgz"
            },
            "parseuri": {
              "version": "0.0.2",
              "from": "https://registry.npmjs.org/parseuri/-/parseuri-0.0.2.tgz",
              "resolved": "https://registry.npmjs.org/parseuri/-/parseuri-0.0.2.tgz",
              "dependencies": {
                "better-assert": {
                  "version": "1.0.2",
                  "from": "https://registry.npmjs.org/better-assert/-/better-assert-1.0.2.tgz",
                  "resolved": "https://registry.npmjs.org/better-assert/-/better-assert-1.0.2.tgz",
                  "dependencies": {
                    "callsite": {
                      "version": "1.0.0",
                      "from": "https://registry.npmjs.org/callsite/-/callsite-1.0.0.tgz",
                      "resolved": "https://registry.npmjs.org/callsite/-/callsite-1.0.0.tgz"
                    }
                  }
                }
              }
            },
            "to-array": {
              "version": "0.1.3",
              "from": "https://registry.npmjs.org/to-array/-/to-array-0.1.3.tgz",
              "resolved": "https://registry.npmjs.org/to-array/-/to-array-0.1.3.tgz"
            }
          }
        },
        "socket.io-parser": {
          "version": "2.2.4",
          "from": "https://registry.npmjs.org/socket.io-parser/-/socket.io-parser-2.2.4.tgz",
          "resolved": "https://registry.npmjs.org/socket.io-parser/-/socket.io-parser-2.2.4.tgz",
          "dependencies": {
            "benchmark": {
              "version": "1.0.0",
              "from": "https://registry.npmjs.org/benchmark/-/benchmark-1.0.0.tgz",
              "resolved": "https://registry.npmjs.org/benchmark/-/benchmark-1.0.0.tgz"
            },
            "component-emitter": {
              "version": "1.1.2",
              "from": "https://registry.npmjs.org/component-emitter/-/component-emitter-1.1.2.tgz",
              "resolved": "https://registry.npmjs.org/component-emitter/-/component-emitter-1.1.2.tgz"
            },
            "debug": {
              "version": "0.7.4",
              "from": "https://registry.npmjs.org/debug/-/debug-0.7.4.tgz",
              "resolved": "https://registry.npmjs.org/debug/-/debug-0.7.4.tgz"
            },
            "isarray": {
              "version": "0.0.1",
              "from": "https://registry.npmjs.org/isarray/-/isarray-0.0.1.tgz",
              "resolved": "https://registry.npmjs.org/isarray/-/isarray-0.0.1.tgz"
            },
            "json3": {
              "version": "3.2.6",
              "from": "https://registry.npmjs.org/json3/-/json3-3.2.6.tgz",
              "resolved": "https://registry.npmjs.org/json3/-/json3-3.2.6.tgz"
            }
          }
        }
      }
    },
    "three": {
      "version": "0.71.0",
      "from": "https://registry.npmjs.org/three/-/three-0.71.0.tgz",
      "resolved": "https://registry.npmjs.org/three/-/three-0.71.0.tgz"
    }
  }
}
